
Microsoft Visual Studio Solution File, Format Version 12.00
# Visual Studio 15
VisualStudioVersion = 15.0.27428.2037
MinimumVisualStudioVersion = 10.0.40219.1
Project("{FAE04EC0-301F-11D3-BF4B-00C04F79EFBC}") = "test12", "test12\test12.csproj", "{F5C2DA5F-741D-4EFE-8707-7A4C97F6D680}"
EndProject
Global
	GlobalSection(SolutionConfigurationPlatforms) = preSolution
		Debug|Any CPU = Debug|Any CPU
		Release|Any CPU = Release|Any CPU
	EndGlobalSection
	GlobalSection(ProjectConfigurationPlatforms) = postSolution
		{F5C2DA5F-741D-4EFE-8707-7A4C97F6D680}.Debug|Any CPU.ActiveCfg = Debug|Any CPU
		{F5C2DA5F-741D-4EFE-8707-7A4C97F6D680}.Debug|Any CPU.Build.0 = Debug|Any CPU
		{F5C2DA5F-741D-4EFE-8707-7A4C97F6D680}.Release|Any CPU.ActiveCfg = Release|Any CPU
		{F5C2DA5F-741D-4EFE-8707-7A4C97F6D680}.Release|Any CPU.Build.0 = Release|Any CPU
	EndGlobalSection
	GlobalSection(SolutionProperties) = preSolution
		HideSolutionNode = FALSE
	EndGlobalSection
	GlobalSection(ExtensibilityGlobals) = postSolution
		SolutionGuid = {EC68394C-28E2-462D-AE42-3B23169057D7}
	EndGlobalSection
EndGlobal
